
Microsoft Visual Studio Solution File, Format Version 12.00
# Visual Studio Version 16
VisualStudioVersion = 16.0.30406.217
MinimumVisualStudioVersion = 10.0.40219.1
Project("{FAE04EC0-301F-11D3-BF4B-00C04F79EFBC}") = "String_Interview_Program", "String_Interview_Program\String_Interview_Program.csproj", "{4323BE9D-3C86-4444-A1DC-C4A6E263CF92}"
EndProject
Global
	GlobalSection(SolutionConfigurationPlatforms) = preSolution
		Debug|Any CPU = Debug|Any CPU
		Release|Any CPU = Release|Any CPU
	EndGlobalSection
	GlobalSection(ProjectConfigurationPlatforms) = postSolution
		{4323BE9D-3C86-4444-A1DC-C4A6E263CF92}.Debug|Any CPU.ActiveCfg = Debug|Any CPU
		{4323BE9D-3C86-4444-A1DC-C4A6E263CF92}.Debug|Any CPU.Build.0 = Debug|Any CPU
		{4323BE9D-3C86-4444-A1DC-C4A6E263CF92}.Release|Any CPU.ActiveCfg = Release|Any CPU
		{4323BE9D-3C86-4444-A1DC-C4A6E263CF92}.Release|Any CPU.Build.0 = Release|Any CPU
	EndGlobalSection
	GlobalSection(SolutionProperties) = preSolution
		HideSolutionNode = FALSE
	EndGlobalSection
	GlobalSection(ExtensibilityGlobals) = postSolution
		SolutionGuid = {B38168F0-1A6F-42FB-9548-DEFDA5E4A64C}
	EndGlobalSection
EndGlobal
